// !$*UTF8*$!
{
	archiveVersion = 1;
	classes = {
	};
	objectVersion = 46;
	objects = {

/* Begin PBXBuildFile section */
		5389EF4A1FCBBA49001C0D5F /* DecodingTests.swift in Sources */ = {isa = PBXBuildFile; fileRef = 5389EF491FCBBA49001C0D5F /* DecodingTests.swift */; };
		539479751FCB639300D6FA19 /* CircleCIClient.swift in Sources */ = {isa = PBXBuildFile; fileRef = 539479741FCB639300D6FA19 /* CircleCIClient.swift */; };
		5394797D1FCB8C5200D6FA19 /* CircleCIBuild.swift in Sources */ = {isa = PBXBuildFile; fileRef = 5394797C1FCB8C5200D6FA19 /* CircleCIBuild.swift */; };
		539479861FCB8E8F00D6FA19 /* CircleCIModel.swift in Sources */ = {isa = PBXBuildFile; fileRef = 603314A519FDCBFD0073EAED /* CircleCIModel.swift */; };
		539479871FCB8EA500D6FA19 /* CircleCIBuild.swift in Sources */ = {isa = PBXBuildFile; fileRef = 5394797C1FCB8C5200D6FA19 /* CircleCIBuild.swift */; };
		539479891FCB908E00D6FA19 /* Project.swift in Sources */ = {isa = PBXBuildFile; fileRef = 6014AD981A09874D00865329 /* Project.swift */; };
		5394798A1FCB908E00D6FA19 /* SeaEyeStatus.swift in Sources */ = {isa = PBXBuildFile; fileRef = 607C78251A190C580040FD5C /* SeaEyeStatus.swift */; };
		5394798D1FCB909600D6FA19 /* CircleCIClient.swift in Sources */ = {isa = PBXBuildFile; fileRef = 539479741FCB639300D6FA19 /* CircleCIClient.swift */; };
		53A3BE8D1FD34D85006961C6 /* circleci2-project.json in Resources */ = {isa = PBXBuildFile; fileRef = 53A3BE8C1FD34D85006961C6 /* circleci2-project.json */; };
		6008690E1A1D3E5E00600E4C /* SeaEyeBuildsController.xib in Resources */ = {isa = PBXBuildFile; fileRef = 6008690D1A1D3E5E00600E4C /* SeaEyeBuildsController.xib */; };
		600869101A1D3E6F00600E4C /* SeaEyeSettingsController.xib in Resources */ = {isa = PBXBuildFile; fileRef = 6008690F1A1D3E6F00600E4C /* SeaEyeSettingsController.xib */; };
		600869121A1D3E9200600E4C /* SeaEyePopoverController.xib in Resources */ = {isa = PBXBuildFile; fileRef = 600869111A1D3E9200600E4C /* SeaEyePopoverController.xib */; };
		600869141A1D3EA000600E4C /* SeaEyeUpdatesController.xib in Resources */ = {isa = PBXBuildFile; fileRef = 600869131A1D3EA000600E4C /* SeaEyeUpdatesController.xib */; };
		6008691D1A1D4F7400600E4C /* Main.xib in Resources */ = {isa = PBXBuildFile; fileRef = 6008691C1A1D4F7400600E4C /* Main.xib */; };
		6014AD8E19FED4C400865329 /* BuildView.swift in Sources */ = {isa = PBXBuildFile; fileRef = 6014AD8D19FED4C400865329 /* BuildView.swift */; };
		6014AD991A09874E00865329 /* Project.swift in Sources */ = {isa = PBXBuildFile; fileRef = 6014AD981A09874D00865329 /* Project.swift */; };
		601D48CA1A0A841F007EA297 /* icon_128x128.png in Resources */ = {isa = PBXBuildFile; fileRef = 601D48C31A0A841F007EA297 /* icon_128x128.png */; };
		601D48CB1A0A841F007EA297 /* icon_16x16.png in Resources */ = {isa = PBXBuildFile; fileRef = 601D48C41A0A841F007EA297 /* icon_16x16.png */; };
		601D48CC1A0A841F007EA297 /* icon_256x256.png in Resources */ = {isa = PBXBuildFile; fileRef = 601D48C51A0A841F007EA297 /* icon_256x256.png */; };
		601D48CD1A0A841F007EA297 /* icon_32x32.png in Resources */ = {isa = PBXBuildFile; fileRef = 601D48C61A0A841F007EA297 /* icon_32x32.png */; };
		601D48CE1A0A841F007EA297 /* icon_32x32@2x.png in Resources */ = {isa = PBXBuildFile; fileRef = 601D48C71A0A841F007EA297 /* icon_32x32@2x.png */; };
		601D48CF1A0A841F007EA297 /* icon_512x512.png in Resources */ = {isa = PBXBuildFile; fileRef = 601D48C81A0A841F007EA297 /* icon_512x512.png */; };
		601D48D01A0A841F007EA297 /* icon_512x512@2x.png in Resources */ = {isa = PBXBuildFile; fileRef = 601D48C91A0A841F007EA297 /* icon_512x512@2x.png */; };
		602BB1C01A1A93E900E50B78 /* update.png in Resources */ = {isa = PBXBuildFile; fileRef = 602BB1BE1A1A93E900E50B78 /* update.png */; };
		602BB1C11A1A93E900E50B78 /* update@2x.png in Resources */ = {isa = PBXBuildFile; fileRef = 602BB1BF1A1A93E900E50B78 /* update@2x.png */; };
		603314A619FDCBFD0073EAED /* CircleCIModel.swift in Sources */ = {isa = PBXBuildFile; fileRef = 603314A519FDCBFD0073EAED /* CircleCIModel.swift */; };
		607C77F11A1860070040FD5C /* build-failed.png in Resources */ = {isa = PBXBuildFile; fileRef = 607C77E91A1860070040FD5C /* build-failed.png */; };
		607C77F21A1860070040FD5C /* build-failed@2x.png in Resources */ = {isa = PBXBuildFile; fileRef = 607C77EA1A1860070040FD5C /* build-failed@2x.png */; };
		607C77F31A1860070040FD5C /* build-passed.png in Resources */ = {isa = PBXBuildFile; fileRef = 607C77EB1A1860070040FD5C /* build-passed.png */; };
		607C77F41A1860070040FD5C /* build-passed@2x.png in Resources */ = {isa = PBXBuildFile; fileRef = 607C77EC1A1860070040FD5C /* build-passed@2x.png */; };
		607C78261A190C580040FD5C /* SeaEyeStatus.swift in Sources */ = {isa = PBXBuildFile; fileRef = 607C78251A190C580040FD5C /* SeaEyeStatus.swift */; };
		60C73BDF19FC025A0067CDCA /* AppDelegate.swift in Sources */ = {isa = PBXBuildFile; fileRef = 60C73BDE19FC025A0067CDCA /* AppDelegate.swift */; };
		60C73BE319FC025A0067CDCA /* Images.xcassets in Resources */ = {isa = PBXBuildFile; fileRef = 60C73BE219FC025A0067CDCA /* Images.xcassets */; };
		60C73C0619FC16FE0067CDCA /* SeaEyePopoverController.swift in Sources */ = {isa = PBXBuildFile; fileRef = 60C73C0519FC16FE0067CDCA /* SeaEyePopoverController.swift */; };
		60C73C0919FC23F60067CDCA /* SeaEyeIconController.swift in Sources */ = {isa = PBXBuildFile; fileRef = 60C73C0719FC23F60067CDCA /* SeaEyeIconController.swift */; };
		60C73C1519FD7ECB0067CDCA /* SeaEyeBuildsController.swift in Sources */ = {isa = PBXBuildFile; fileRef = 60C73C1319FD7ECB0067CDCA /* SeaEyeBuildsController.swift */; };
		60C73C1819FD7EE10067CDCA /* SeaEyeSettingsController.swift in Sources */ = {isa = PBXBuildFile; fileRef = 60C73C1719FD7EE10067CDCA /* SeaEyeSettingsController.swift */; };
		60F0232C1A1A95930067C0A0 /* SeaEyeUpdatesController.swift in Sources */ = {isa = PBXBuildFile; fileRef = 60F0232B1A1A95930067C0A0 /* SeaEyeUpdatesController.swift */; };
		F412CA9221D3DF050069C7C7 /* NSImage.swift in Sources */ = {isa = PBXBuildFile; fileRef = F412CA9121D3DF050069C7C7 /* NSImage.swift */; };
		F412CA9721D3E3530069C7C7 /* HTTPRequest.swift in Sources */ = {isa = PBXBuildFile; fileRef = F412CA9621D3E3530069C7C7 /* HTTPRequest.swift */; };
		F412CA9921D3E3A40069C7C7 /* SeaEyeDecoder.swift in Sources */ = {isa = PBXBuildFile; fileRef = F412CA9821D3E3A40069C7C7 /* SeaEyeDecoder.swift */; };
		F412CA9A21D3E3C90069C7C7 /* HTTPRequest.swift in Sources */ = {isa = PBXBuildFile; fileRef = F412CA9621D3E3530069C7C7 /* HTTPRequest.swift */; };
		F412CA9B21D3E3D50069C7C7 /* SeaEyeDecoder.swift in Sources */ = {isa = PBXBuildFile; fileRef = F412CA9821D3E3A40069C7C7 /* SeaEyeDecoder.swift */; };
		F412CA9D21D3ED0D0069C7C7 /* BuildDecorator.swift in Sources */ = {isa = PBXBuildFile; fileRef = F412CA9C21D3ED0D0069C7C7 /* BuildDecorator.swift */; };
		F412CA9F21D3EFEF0069C7C7 /* DateFormatter.swift in Sources */ = {isa = PBXBuildFile; fileRef = F412CA9E21D3EFEF0069C7C7 /* DateFormatter.swift */; };
		F412CAA021D3EFEF0069C7C7 /* DateFormatter.swift in Sources */ = {isa = PBXBuildFile; fileRef = F412CA9E21D3EFEF0069C7C7 /* DateFormatter.swift */; };
		F422C54820D48CC2002A5897 /* VersionNumber.swift in Sources */ = {isa = PBXBuildFile; fileRef = F422C54720D48CC2002A5897 /* VersionNumber.swift */; };
		F422C54920D48CDD002A5897 /* VersionNumber.swift in Sources */ = {isa = PBXBuildFile; fileRef = F422C54720D48CC2002A5897 /* VersionNumber.swift */; };
		F422C54B20D48CF2002A5897 /* VersionNumberTests.swift in Sources */ = {isa = PBXBuildFile; fileRef = F422C54A20D48CF2002A5897 /* VersionNumberTests.swift */; };
		F4472C0C216D72B700ECD077 /* Main.storyboard in Resources */ = {isa = PBXBuildFile; fileRef = F4472C0B216D72B700ECD077 /* Main.storyboard */; };
		F4B672D821B60A7C003E30A9 /* ApplicationStartupManager.swift in Sources */ = {isa = PBXBuildFile; fileRef = F4B672D721B60A7C003E30A9 /* ApplicationStartupManager.swift */; };
		F4D5A43221E3F6B3006140DE /* Settings.swift in Sources */ = {isa = PBXBuildFile; fileRef = F4D5A43121E3F6B3006140DE /* Settings.swift */; };
		F4D5A43321E3F6B3006140DE /* Settings.swift in Sources */ = {isa = PBXBuildFile; fileRef = F4D5A43121E3F6B3006140DE /* Settings.swift */; };
		F4D5A43521E3F782006140DE /* FallbackView.swift in Sources */ = {isa = PBXBuildFile; fileRef = F4D5A43421E3F782006140DE /* FallbackView.swift */; };
		F4D5A43621E3F782006140DE /* FallbackView.swift in Sources */ = {isa = PBXBuildFile; fileRef = F4D5A43421E3F782006140DE /* FallbackView.swift */; };
		F4D5A43821E3FE32006140DE /* BuildSummary.swift in Sources */ = {isa = PBXBuildFile; fileRef = F4D5A43721E3FE32006140DE /* BuildSummary.swift */; };
		F4D5A43921E3FE32006140DE /* BuildSummary.swift in Sources */ = {isa = PBXBuildFile; fileRef = F4D5A43721E3FE32006140DE /* BuildSummary.swift */; };
		F4D5A43B21E40E4C006140DE /* Notifications.swift in Sources */ = {isa = PBXBuildFile; fileRef = F4D5A43A21E40E4C006140DE /* Notifications.swift */; };
		F4D5A43D21E41FEB006140DE /* SeaEyeStatusBar.swift in Sources */ = {isa = PBXBuildFile; fileRef = F4D5A43C21E41FEB006140DE /* SeaEyeStatusBar.swift */; };
		F4D5A43E21E41FEB006140DE /* SeaEyeStatusBar.swift in Sources */ = {isa = PBXBuildFile; fileRef = F4D5A43C21E41FEB006140DE /* SeaEyeStatusBar.swift */; };
		F4D5A43F21E4201F006140DE /* SeaEyeIconController.swift in Sources */ = {isa = PBXBuildFile; fileRef = 60C73C0719FC23F60067CDCA /* SeaEyeIconController.swift */; };
		F4D5A44021E42057006140DE /* SeaEyePopoverController.swift in Sources */ = {isa = PBXBuildFile; fileRef = 60C73C0519FC16FE0067CDCA /* SeaEyePopoverController.swift */; };
		F4D5A44121E4206D006140DE /* SeaEyeSettingsController.swift in Sources */ = {isa = PBXBuildFile; fileRef = 60C73C1719FD7EE10067CDCA /* SeaEyeSettingsController.swift */; };
		F4D5A44221E42076006140DE /* SeaEyeBuildsController.swift in Sources */ = {isa = PBXBuildFile; fileRef = 60C73C1319FD7ECB0067CDCA /* SeaEyeBuildsController.swift */; };
		F4D5A44321E4207C006140DE /* SeaEyeUpdatesController.swift in Sources */ = {isa = PBXBuildFile; fileRef = 60F0232B1A1A95930067C0A0 /* SeaEyeUpdatesController.swift */; };
		F4D5A44421E4208A006140DE /* NSImage.swift in Sources */ = {isa = PBXBuildFile; fileRef = F412CA9121D3DF050069C7C7 /* NSImage.swift */; };
		F4D5A44521E42099006140DE /* BuildView.swift in Sources */ = {isa = PBXBuildFile; fileRef = 6014AD8D19FED4C400865329 /* BuildView.swift */; };
		F4D5A44621E420A4006140DE /* BuildDecorator.swift in Sources */ = {isa = PBXBuildFile; fileRef = F412CA9C21D3ED0D0069C7C7 /* BuildDecorator.swift */; };
		F4D5A44721E420B5006140DE /* ApplicationStartupManager.swift in Sources */ = {isa = PBXBuildFile; fileRef = F4B672D721B60A7C003E30A9 /* ApplicationStartupManager.swift */; };
		F4D5A44821E420C5006140DE /* Notifications.swift in Sources */ = {isa = PBXBuildFile; fileRef = F4D5A43A21E40E4C006140DE /* Notifications.swift */; };
		F4D5A44A21E427BB006140DE /* Filter.swift in Sources */ = {isa = PBXBuildFile; fileRef = F4D5A44921E427BB006140DE /* Filter.swift */; };
		F4D5A44B21E427BB006140DE /* Filter.swift in Sources */ = {isa = PBXBuildFile; fileRef = F4D5A44921E427BB006140DE /* Filter.swift */; };
		F4D5A44E21E42A77006140DE /* FilterTest.swift in Sources */ = {isa = PBXBuildFile; fileRef = F4D5A44C21E42A77006140DE /* FilterTest.swift */; };
		F4F1A61D20D84CD1008B8C04 /* GithubClient.swift in Sources */ = {isa = PBXBuildFile; fileRef = F4F1A61C20D84CD1008B8C04 /* GithubClient.swift */; };
		F4F1A61E20D84DBE008B8C04 /* GithubClient.swift in Sources */ = {isa = PBXBuildFile; fileRef = F4F1A61C20D84CD1008B8C04 /* GithubClient.swift */; };
		F4FFD80421CA897F00E8C82E /* circleci-workflow.json in Resources */ = {isa = PBXBuildFile; fileRef = F4FFD80321CA897F00E8C82E /* circleci-workflow.json */; };
/* End PBXBuildFile section */

/* Begin PBXContainerItemProxy section */
		60C73BEC19FC025A0067CDCA /* PBXContainerItemProxy */ = {
			isa = PBXContainerItemProxy;
			containerPortal = 60C73BD119FC025A0067CDCA /* Project object */;
			proxyType = 1;
			remoteGlobalIDString = 60C73BD819FC025A0067CDCA;
			remoteInfo = SeaEye;
		};
/* End PBXContainerItemProxy section */

/* Begin PBXFileReference section */
		5389EF491FCBBA49001C0D5F /* DecodingTests.swift */ = {isa = PBXFileReference; lastKnownFileType = sourcecode.swift; path = DecodingTests.swift; sourceTree = "<group>"; };
		539479741FCB639300D6FA19 /* CircleCIClient.swift */ = {isa = PBXFileReference; lastKnownFileType = sourcecode.swift; path = CircleCIClient.swift; sourceTree = "<group>"; };
		5394797C1FCB8C5200D6FA19 /* CircleCIBuild.swift */ = {isa = PBXFileReference; lastKnownFileType = sourcecode.swift; path = CircleCIBuild.swift; sourceTree = "<group>"; };
		53A3BE8C1FD34D85006961C6 /* circleci2-project.json */ = {isa = PBXFileReference; lastKnownFileType = text.json; path = "circleci2-project.json"; sourceTree = "<group>"; };
		6008690D1A1D3E5E00600E4C /* SeaEyeBuildsController.xib */ = {isa = PBXFileReference; fileEncoding = 4; lastKnownFileType = file.xib; path = SeaEyeBuildsController.xib; sourceTree = "<group>"; };
		6008690F1A1D3E6F00600E4C /* SeaEyeSettingsController.xib */ = {isa = PBXFileReference; fileEncoding = 4; lastKnownFileType = file.xib; path = SeaEyeSettingsController.xib; sourceTree = "<group>"; };
		600869111A1D3E9200600E4C /* SeaEyePopoverController.xib */ = {isa = PBXFileReference; fileEncoding = 4; lastKnownFileType = file.xib; path = SeaEyePopoverController.xib; sourceTree = "<group>"; };
		600869131A1D3EA000600E4C /* SeaEyeUpdatesController.xib */ = {isa = PBXFileReference; fileEncoding = 4; lastKnownFileType = file.xib; path = SeaEyeUpdatesController.xib; sourceTree = "<group>"; };
		6008691C1A1D4F7400600E4C /* Main.xib */ = {isa = PBXFileReference; fileEncoding = 4; lastKnownFileType = file.xib; path = Main.xib; sourceTree = "<group>"; };
		6014AD8D19FED4C400865329 /* BuildView.swift */ = {isa = PBXFileReference; fileEncoding = 4; lastKnownFileType = sourcecode.swift; path = BuildView.swift; sourceTree = "<group>"; };
		6014AD981A09874D00865329 /* Project.swift */ = {isa = PBXFileReference; fileEncoding = 4; lastKnownFileType = sourcecode.swift; path = Project.swift; sourceTree = "<group>"; };
		601D48C31A0A841F007EA297 /* icon_128x128.png */ = {isa = PBXFileReference; lastKnownFileType = image.png; path = icon_128x128.png; sourceTree = "<group>"; };
		601D48C41A0A841F007EA297 /* icon_16x16.png */ = {isa = PBXFileReference; lastKnownFileType = image.png; path = icon_16x16.png; sourceTree = "<group>"; };
		601D48C51A0A841F007EA297 /* icon_256x256.png */ = {isa = PBXFileReference; lastKnownFileType = image.png; path = icon_256x256.png; sourceTree = "<group>"; };
		601D48C61A0A841F007EA297 /* icon_32x32.png */ = {isa = PBXFileReference; lastKnownFileType = image.png; path = icon_32x32.png; sourceTree = "<group>"; };
		601D48C71A0A841F007EA297 /* icon_32x32@2x.png */ = {isa = PBXFileReference; lastKnownFileType = image.png; path = "icon_32x32@2x.png"; sourceTree = "<group>"; };
		601D48C81A0A841F007EA297 /* icon_512x512.png */ = {isa = PBXFileReference; lastKnownFileType = image.png; path = icon_512x512.png; sourceTree = "<group>"; };
		601D48C91A0A841F007EA297 /* icon_512x512@2x.png */ = {isa = PBXFileReference; lastKnownFileType = image.png; path = "icon_512x512@2x.png"; sourceTree = "<group>"; };
		602BB1BE1A1A93E900E50B78 /* update.png */ = {isa = PBXFileReference; lastKnownFileType = image.png; path = update.png; sourceTree = "<group>"; };
		602BB1BF1A1A93E900E50B78 /* update@2x.png */ = {isa = PBXFileReference; lastKnownFileType = image.png; path = "update@2x.png"; sourceTree = "<group>"; };
		603314A519FDCBFD0073EAED /* CircleCIModel.swift */ = {isa = PBXFileReference; fileEncoding = 4; lastKnownFileType = sourcecode.swift; path = CircleCIModel.swift; sourceTree = "<group>"; };
		607C77E91A1860070040FD5C /* build-failed.png */ = {isa = PBXFileReference; lastKnownFileType = image.png; path = "build-failed.png"; sourceTree = "<group>"; };
		607C77EA1A1860070040FD5C /* build-failed@2x.png */ = {isa = PBXFileReference; lastKnownFileType = image.png; path = "build-failed@2x.png"; sourceTree = "<group>"; };
		607C77EB1A1860070040FD5C /* build-passed.png */ = {isa = PBXFileReference; lastKnownFileType = image.png; path = "build-passed.png"; sourceTree = "<group>"; };
		607C77EC1A1860070040FD5C /* build-passed@2x.png */ = {isa = PBXFileReference; lastKnownFileType = image.png; path = "build-passed@2x.png"; sourceTree = "<group>"; };
		607C78251A190C580040FD5C /* SeaEyeStatus.swift */ = {isa = PBXFileReference; fileEncoding = 4; lastKnownFileType = sourcecode.swift; path = SeaEyeStatus.swift; sourceTree = "<group>"; };
		60C73BD919FC025A0067CDCA /* SeaEye.app */ = {isa = PBXFileReference; explicitFileType = wrapper.application; includeInIndex = 0; path = SeaEye.app; sourceTree = BUILT_PRODUCTS_DIR; };
		60C73BDD19FC025A0067CDCA /* Info.plist */ = {isa = PBXFileReference; lastKnownFileType = text.plist.xml; path = Info.plist; sourceTree = "<group>"; };
		60C73BDE19FC025A0067CDCA /* AppDelegate.swift */ = {isa = PBXFileReference; lastKnownFileType = sourcecode.swift; path = AppDelegate.swift; sourceTree = "<group>"; };
		60C73BE219FC025A0067CDCA /* Images.xcassets */ = {isa = PBXFileReference; lastKnownFileType = folder.assetcatalog; path = Images.xcassets; sourceTree = "<group>"; };
		60C73BEB19FC025A0067CDCA /* SeaEyeTests.xctest */ = {isa = PBXFileReference; explicitFileType = wrapper.cfbundle; includeInIndex = 0; path = SeaEyeTests.xctest; sourceTree = BUILT_PRODUCTS_DIR; };
		60C73BF019FC025A0067CDCA /* Info.plist */ = {isa = PBXFileReference; lastKnownFileType = text.plist.xml; path = Info.plist; sourceTree = "<group>"; };
		60C73C0519FC16FE0067CDCA /* SeaEyePopoverController.swift */ = {isa = PBXFileReference; fileEncoding = 4; lastKnownFileType = sourcecode.swift; path = SeaEyePopoverController.swift; sourceTree = "<group>"; };
		60C73C0719FC23F60067CDCA /* SeaEyeIconController.swift */ = {isa = PBXFileReference; fileEncoding = 4; lastKnownFileType = sourcecode.swift; path = SeaEyeIconController.swift; sourceTree = "<group>"; };
		60C73C1319FD7ECB0067CDCA /* SeaEyeBuildsController.swift */ = {isa = PBXFileReference; fileEncoding = 4; lastKnownFileType = sourcecode.swift; path = SeaEyeBuildsController.swift; sourceTree = "<group>"; };
		60C73C1719FD7EE10067CDCA /* SeaEyeSettingsController.swift */ = {isa = PBXFileReference; fileEncoding = 4; lastKnownFileType = sourcecode.swift; path = SeaEyeSettingsController.swift; sourceTree = "<group>"; };
		60F0232B1A1A95930067C0A0 /* SeaEyeUpdatesController.swift */ = {isa = PBXFileReference; fileEncoding = 4; lastKnownFileType = sourcecode.swift; path = SeaEyeUpdatesController.swift; sourceTree = "<group>"; };
		F412CA9121D3DF050069C7C7 /* NSImage.swift */ = {isa = PBXFileReference; lastKnownFileType = sourcecode.swift; path = NSImage.swift; sourceTree = "<group>"; };
		F412CA9621D3E3530069C7C7 /* HTTPRequest.swift */ = {isa = PBXFileReference; lastKnownFileType = sourcecode.swift; path = HTTPRequest.swift; sourceTree = "<group>"; };
		F412CA9821D3E3A40069C7C7 /* SeaEyeDecoder.swift */ = {isa = PBXFileReference; lastKnownFileType = sourcecode.swift; path = SeaEyeDecoder.swift; sourceTree = "<group>"; };
		F412CA9C21D3ED0D0069C7C7 /* BuildDecorator.swift */ = {isa = PBXFileReference; lastKnownFileType = sourcecode.swift; path = BuildDecorator.swift; sourceTree = "<group>"; };
		F412CA9E21D3EFEF0069C7C7 /* DateFormatter.swift */ = {isa = PBXFileReference; lastKnownFileType = sourcecode.swift; path = DateFormatter.swift; sourceTree = "<group>"; };
		F422C54720D48CC2002A5897 /* VersionNumber.swift */ = {isa = PBXFileReference; lastKnownFileType = sourcecode.swift; path = VersionNumber.swift; sourceTree = "<group>"; };
		F422C54A20D48CF2002A5897 /* VersionNumberTests.swift */ = {isa = PBXFileReference; lastKnownFileType = sourcecode.swift; path = VersionNumberTests.swift; sourceTree = "<group>"; };
		F4472C0B216D72B700ECD077 /* Main.storyboard */ = {isa = PBXFileReference; lastKnownFileType = file.storyboard; path = Main.storyboard; sourceTree = "<group>"; };
		F4B672D721B60A7C003E30A9 /* ApplicationStartupManager.swift */ = {isa = PBXFileReference; lastKnownFileType = sourcecode.swift; path = ApplicationStartupManager.swift; sourceTree = "<group>"; };
		F4D5A43121E3F6B3006140DE /* Settings.swift */ = {isa = PBXFileReference; lastKnownFileType = sourcecode.swift; path = Settings.swift; sourceTree = "<group>"; };
		F4D5A43421E3F782006140DE /* FallbackView.swift */ = {isa = PBXFileReference; lastKnownFileType = sourcecode.swift; path = FallbackView.swift; sourceTree = "<group>"; };
		F4D5A43721E3FE32006140DE /* BuildSummary.swift */ = {isa = PBXFileReference; lastKnownFileType = sourcecode.swift; path = BuildSummary.swift; sourceTree = "<group>"; };
		F4D5A43A21E40E4C006140DE /* Notifications.swift */ = {isa = PBXFileReference; lastKnownFileType = sourcecode.swift; path = Notifications.swift; sourceTree = "<group>"; };
		F4D5A43C21E41FEB006140DE /* SeaEyeStatusBar.swift */ = {isa = PBXFileReference; lastKnownFileType = sourcecode.swift; path = SeaEyeStatusBar.swift; sourceTree = "<group>"; };
		F4D5A44921E427BB006140DE /* Filter.swift */ = {isa = PBXFileReference; lastKnownFileType = sourcecode.swift; path = Filter.swift; sourceTree = "<group>"; };
		F4D5A44C21E42A77006140DE /* FilterTest.swift */ = {isa = PBXFileReference; lastKnownFileType = sourcecode.swift; name = FilterTest.swift; path = models/FilterTest.swift; sourceTree = "<group>"; };
		F4F1A61C20D84CD1008B8C04 /* GithubClient.swift */ = {isa = PBXFileReference; fileEncoding = 4; lastKnownFileType = sourcecode.swift; path = GithubClient.swift; sourceTree = "<group>"; };
		F4FFD80321CA897F00E8C82E /* circleci-workflow.json */ = {isa = PBXFileReference; lastKnownFileType = text.json; path = "circleci-workflow.json"; sourceTree = "<group>"; };
/* End PBXFileReference section */

/* Begin PBXFrameworksBuildPhase section */
		60C73BD619FC025A0067CDCA /* Frameworks */ = {
			isa = PBXFrameworksBuildPhase;
			buildActionMask = 2147483647;
			files = (
			);
			runOnlyForDeploymentPostprocessing = 0;
		};
		60C73BE819FC025A0067CDCA /* Frameworks */ = {
			isa = PBXFrameworksBuildPhase;
			buildActionMask = 2147483647;
			files = (
			);
			runOnlyForDeploymentPostprocessing = 0;
		};
/* End PBXFrameworksBuildPhase section */

/* Begin PBXGroup section */
		5394797E1FCB8C9000D6FA19 /* services */ = {
			isa = PBXGroup;
			children = (
				F4B672D721B60A7C003E30A9 /* ApplicationStartupManager.swift */,
				F4D5A43721E3FE32006140DE /* BuildSummary.swift */,
				F4D5A43A21E40E4C006140DE /* Notifications.swift */,
			);
			path = services;
			sourceTree = "<group>";
		};
		6014AD8C19FED4B400865329 /* views */ = {
			isa = PBXGroup;
			children = (
				F412CA9C21D3ED0D0069C7C7 /* BuildDecorator.swift */,
				6014AD8D19FED4C400865329 /* BuildView.swift */,
				F4D5A43421E3F782006140DE /* FallbackView.swift */,
				600869131A1D3EA000600E4C /* SeaEyeUpdatesController.xib */,
				6008690D1A1D3E5E00600E4C /* SeaEyeBuildsController.xib */,
				6008690F1A1D3E6F00600E4C /* SeaEyeSettingsController.xib */,
				600869111A1D3E9200600E4C /* SeaEyePopoverController.xib */,
				F4D5A43C21E41FEB006140DE /* SeaEyeStatusBar.swift */,
			);
			path = views;
			sourceTree = "<group>";
		};
		601D48C21A0A841F007EA297 /* app icons */ = {
			isa = PBXGroup;
			children = (
				601D48C31A0A841F007EA297 /* icon_128x128.png */,
				601D48C41A0A841F007EA297 /* icon_16x16.png */,
				601D48C51A0A841F007EA297 /* icon_256x256.png */,
				601D48C61A0A841F007EA297 /* icon_32x32.png */,
				601D48C71A0A841F007EA297 /* icon_32x32@2x.png */,
				601D48C81A0A841F007EA297 /* icon_512x512.png */,
				601D48C91A0A841F007EA297 /* icon_512x512@2x.png */,
			);
			path = "app icons";
			sourceTree = "<group>";
		};
		603314A419FDCBD90073EAED /* models */ = {
			isa = PBXGroup;
			children = (
				5394797C1FCB8C5200D6FA19 /* CircleCIBuild.swift */,
				603314A519FDCBFD0073EAED /* CircleCIModel.swift */,
				F4D5A44921E427BB006140DE /* Filter.swift */,
				6014AD981A09874D00865329 /* Project.swift */,
				607C78251A190C580040FD5C /* SeaEyeStatus.swift */,
				F4D5A43121E3F6B3006140DE /* Settings.swift */,
			);
			path = models;
			sourceTree = "<group>";
		};
		607C77E81A1860070040FD5C /* status images */ = {
			isa = PBXGroup;
			children = (
				607C77E91A1860070040FD5C /* build-failed.png */,
				607C77EA1A1860070040FD5C /* build-failed@2x.png */,
				607C77EB1A1860070040FD5C /* build-passed.png */,
				607C77EC1A1860070040FD5C /* build-passed@2x.png */,
			);
			path = "status images";
			sourceTree = "<group>";
		};
		60C73BD019FC025A0067CDCA = {
			isa = PBXGroup;
			children = (
				F4472C0B216D72B700ECD077 /* Main.storyboard */,
				6008691C1A1D4F7400600E4C /* Main.xib */,
				60C73BDB19FC025A0067CDCA /* SeaEye */,
				60C73BEE19FC025A0067CDCA /* SeaEyeTests */,
				60C73BDA19FC025A0067CDCA /* Products */,
			);
			sourceTree = "<group>";
		};
		60C73BDA19FC025A0067CDCA /* Products */ = {
			isa = PBXGroup;
			children = (
				60C73BD919FC025A0067CDCA /* SeaEye.app */,
				60C73BEB19FC025A0067CDCA /* SeaEyeTests.xctest */,
			);
			name = Products;
			sourceTree = "<group>";
		};
		60C73BDB19FC025A0067CDCA /* SeaEye */ = {
			isa = PBXGroup;
			children = (
				F412CA9521D3E33C0069C7C7 /* networking */,
				F412CA9021D3DEE70069C7C7 /* extensions */,
				5394797E1FCB8C9000D6FA19 /* services */,
				6014AD8C19FED4B400865329 /* views */,
				603314A419FDCBD90073EAED /* models */,
				60C73C0419FC16C60067CDCA /* controllers */,
				60C73BFF19FC0FF40067CDCA /* res */,
				60C73BDE19FC025A0067CDCA /* AppDelegate.swift */,
				60C73BE219FC025A0067CDCA /* Images.xcassets */,
				60C73BDC19FC025A0067CDCA /* Supporting Files */,
				F422C54720D48CC2002A5897 /* VersionNumber.swift */,
			);
			path = SeaEye;
			sourceTree = "<group>";
		};
		60C73BDC19FC025A0067CDCA /* Supporting Files */ = {
			isa = PBXGroup;
			children = (
				60C73BDD19FC025A0067CDCA /* Info.plist */,
			);
			name = "Supporting Files";
			sourceTree = "<group>";
		};
		60C73BEE19FC025A0067CDCA /* SeaEyeTests */ = {
			isa = PBXGroup;
			children = (
				60C73BEF19FC025A0067CDCA /* Supporting Files */,
				5389EF491FCBBA49001C0D5F /* DecodingTests.swift */,
				F422C54A20D48CF2002A5897 /* VersionNumberTests.swift */,
				F4D5A44C21E42A77006140DE /* FilterTest.swift */,
			);
			path = SeaEyeTests;
			sourceTree = "<group>";
		};
		60C73BEF19FC025A0067CDCA /* Supporting Files */ = {
			isa = PBXGroup;
			children = (
				60C73BF019FC025A0067CDCA /* Info.plist */,
				53A3BE8C1FD34D85006961C6 /* circleci2-project.json */,
				F4FFD80321CA897F00E8C82E /* circleci-workflow.json */,
			);
			name = "Supporting Files";
			sourceTree = "<group>";
		};
		60C73BFF19FC0FF40067CDCA /* res */ = {
			isa = PBXGroup;
			children = (
				602BB1BE1A1A93E900E50B78 /* update.png */,
				602BB1BF1A1A93E900E50B78 /* update@2x.png */,
				607C77E81A1860070040FD5C /* status images */,
				601D48C21A0A841F007EA297 /* app icons */,
			);
			path = res;
			sourceTree = "<group>";
		};
		60C73C0419FC16C60067CDCA /* controllers */ = {
			isa = PBXGroup;
			children = (
				60C73C0719FC23F60067CDCA /* SeaEyeIconController.swift */,
				60C73C0519FC16FE0067CDCA /* SeaEyePopoverController.swift */,
				60C73C1319FD7ECB0067CDCA /* SeaEyeBuildsController.swift */,
				60C73C1719FD7EE10067CDCA /* SeaEyeSettingsController.swift */,
				60F0232B1A1A95930067C0A0 /* SeaEyeUpdatesController.swift */,
			);
			path = controllers;
			sourceTree = "<group>";
		};
		F412CA9021D3DEE70069C7C7 /* extensions */ = {
			isa = PBXGroup;
			children = (
				F412CA9121D3DF050069C7C7 /* NSImage.swift */,
				F412CA9E21D3EFEF0069C7C7 /* DateFormatter.swift */,
			);
			path = extensions;
			sourceTree = "<group>";
		};
		F412CA9521D3E33C0069C7C7 /* networking */ = {
			isa = PBXGroup;
			children = (
				539479741FCB639300D6FA19 /* CircleCIClient.swift */,
				F4F1A61C20D84CD1008B8C04 /* GithubClient.swift */,
				F412CA9621D3E3530069C7C7 /* HTTPRequest.swift */,
				F412CA9821D3E3A40069C7C7 /* SeaEyeDecoder.swift */,
			);
			path = networking;
			sourceTree = "<group>";
		};
/* End PBXGroup section */

/* Begin PBXNativeTarget section */
		60C73BD819FC025A0067CDCA /* SeaEye */ = {
			isa = PBXNativeTarget;
			buildConfigurationList = 60C73BF519FC025A0067CDCA /* Build configuration list for PBXNativeTarget "SeaEye" */;
			buildPhases = (
				60C73BD519FC025A0067CDCA /* Sources */,
				60C73BD619FC025A0067CDCA /* Frameworks */,
				60C73BD719FC025A0067CDCA /* Resources */,
			);
			buildRules = (
			);
			dependencies = (
			);
			name = SeaEye;
			productName = SeaEye;
			productReference = 60C73BD919FC025A0067CDCA /* SeaEye.app */;
			productType = "com.apple.product-type.application";
		};
		60C73BEA19FC025A0067CDCA /* SeaEyeTests */ = {
			isa = PBXNativeTarget;
			buildConfigurationList = 60C73BF819FC025A0067CDCA /* Build configuration list for PBXNativeTarget "SeaEyeTests" */;
			buildPhases = (
				60C73BE719FC025A0067CDCA /* Sources */,
				60C73BE819FC025A0067CDCA /* Frameworks */,
				60C73BE919FC025A0067CDCA /* Resources */,
			);
			buildRules = (
			);
			dependencies = (
				60C73BED19FC025A0067CDCA /* PBXTargetDependency */,
			);
			name = SeaEyeTests;
			productName = SeaEyeTests;
			productReference = 60C73BEB19FC025A0067CDCA /* SeaEyeTests.xctest */;
			productType = "com.apple.product-type.bundle.unit-test";
		};
/* End PBXNativeTarget section */

/* Begin PBXProject section */
		60C73BD119FC025A0067CDCA /* Project object */ = {
			isa = PBXProject;
			attributes = {
				LastUpgradeCheck = 1010;
				ORGANIZATIONNAME = Nolaneo;
				TargetAttributes = {
					60C73BD819FC025A0067CDCA = {
						CreatedOnToolsVersion = 6.1;
						LastSwiftMigration = 1010;
					};
					60C73BEA19FC025A0067CDCA = {
						CreatedOnToolsVersion = 6.1;
						LastSwiftMigration = 0900;
						TestTargetID = 60C73BD819FC025A0067CDCA;
					};
				};
			};
			buildConfigurationList = 60C73BD419FC025A0067CDCA /* Build configuration list for PBXProject "SeaEye" */;
			compatibilityVersion = "Xcode 3.2";
			developmentRegion = English;
			hasScannedForEncodings = 0;
			knownRegions = (
				en,
				Base,
			);
			mainGroup = 60C73BD019FC025A0067CDCA;
			productRefGroup = 60C73BDA19FC025A0067CDCA /* Products */;
			projectDirPath = "";
			projectRoot = "";
			targets = (
				60C73BD819FC025A0067CDCA /* SeaEye */,
				60C73BEA19FC025A0067CDCA /* SeaEyeTests */,
			);
		};
/* End PBXProject section */

/* Begin PBXResourcesBuildPhase section */
		60C73BD719FC025A0067CDCA /* Resources */ = {
			isa = PBXResourcesBuildPhase;
			buildActionMask = 2147483647;
			files = (
				607C77F11A1860070040FD5C /* build-failed.png in Resources */,
				60C73BE319FC025A0067CDCA /* Images.xcassets in Resources */,
				600869141A1D3EA000600E4C /* SeaEyeUpdatesController.xib in Resources */,
				601D48CE1A0A841F007EA297 /* icon_32x32@2x.png in Resources */,
				601D48CC1A0A841F007EA297 /* icon_256x256.png in Resources */,
				600869101A1D3E6F00600E4C /* SeaEyeSettingsController.xib in Resources */,
				607C77F21A1860070040FD5C /* build-failed@2x.png in Resources */,
				602BB1C11A1A93E900E50B78 /* update@2x.png in Resources */,
				601D48CF1A0A841F007EA297 /* icon_512x512.png in Resources */,
				601D48CD1A0A841F007EA297 /* icon_32x32.png in Resources */,
				601D48CB1A0A841F007EA297 /* icon_16x16.png in Resources */,
				F4472C0C216D72B700ECD077 /* Main.storyboard in Resources */,
				6008691D1A1D4F7400600E4C /* Main.xib in Resources */,
				601D48CA1A0A841F007EA297 /* icon_128x128.png in Resources */,
				601D48D01A0A841F007EA297 /* icon_512x512@2x.png in Resources */,
				602BB1C01A1A93E900E50B78 /* update.png in Resources */,
				600869121A1D3E9200600E4C /* SeaEyePopoverController.xib in Resources */,
				607C77F31A1860070040FD5C /* build-passed.png in Resources */,
				607C77F41A1860070040FD5C /* build-passed@2x.png in Resources */,
				6008690E1A1D3E5E00600E4C /* SeaEyeBuildsController.xib in Resources */,
			);
			runOnlyForDeploymentPostprocessing = 0;
		};
		60C73BE919FC025A0067CDCA /* Resources */ = {
			isa = PBXResourcesBuildPhase;
			buildActionMask = 2147483647;
			files = (
				F4FFD80421CA897F00E8C82E /* circleci-workflow.json in Resources */,
				53A3BE8D1FD34D85006961C6 /* circleci2-project.json in Resources */,
			);
			runOnlyForDeploymentPostprocessing = 0;
		};
/* End PBXResourcesBuildPhase section */

/* Begin PBXSourcesBuildPhase section */
		60C73BD519FC025A0067CDCA /* Sources */ = {
			isa = PBXSourcesBuildPhase;
			buildActionMask = 2147483647;
			files = (
				F422C54820D48CC2002A5897 /* VersionNumber.swift in Sources */,
				F412CA9921D3E3A40069C7C7 /* SeaEyeDecoder.swift in Sources */,
				539479751FCB639300D6FA19 /* CircleCIClient.swift in Sources */,
				60C73BDF19FC025A0067CDCA /* AppDelegate.swift in Sources */,
				6014AD8E19FED4C400865329 /* BuildView.swift in Sources */,
				F412CA9221D3DF050069C7C7 /* NSImage.swift in Sources */,
				607C78261A190C580040FD5C /* SeaEyeStatus.swift in Sources */,
				60C73C0919FC23F60067CDCA /* SeaEyeIconController.swift in Sources */,
				6014AD991A09874E00865329 /* Project.swift in Sources */,
				F4D5A43521E3F782006140DE /* FallbackView.swift in Sources */,
				F4B672D821B60A7C003E30A9 /* ApplicationStartupManager.swift in Sources */,
				F4D5A43D21E41FEB006140DE /* SeaEyeStatusBar.swift in Sources */,
				60C73C1519FD7ECB0067CDCA /* SeaEyeBuildsController.swift in Sources */,
				60C73C0619FC16FE0067CDCA /* SeaEyePopoverController.swift in Sources */,
				60C73C1819FD7EE10067CDCA /* SeaEyeSettingsController.swift in Sources */,
				F4D5A43B21E40E4C006140DE /* Notifications.swift in Sources */,
				F412CA9D21D3ED0D0069C7C7 /* BuildDecorator.swift in Sources */,
				F412CA9F21D3EFEF0069C7C7 /* DateFormatter.swift in Sources */,
				5394797D1FCB8C5200D6FA19 /* CircleCIBuild.swift in Sources */,
				60F0232C1A1A95930067C0A0 /* SeaEyeUpdatesController.swift in Sources */,
				F4D5A43821E3FE32006140DE /* BuildSummary.swift in Sources */,
				603314A619FDCBFD0073EAED /* CircleCIModel.swift in Sources */,
				F412CA9721D3E3530069C7C7 /* HTTPRequest.swift in Sources */,
				F4D5A43221E3F6B3006140DE /* Settings.swift in Sources */,
				F4D5A44A21E427BB006140DE /* Filter.swift in Sources */,
				F4F1A61D20D84CD1008B8C04 /* GithubClient.swift in Sources */,
			);
			runOnlyForDeploymentPostprocessing = 0;
		};
		60C73BE719FC025A0067CDCA /* Sources */ = {
			isa = PBXSourcesBuildPhase;
			buildActionMask = 2147483647;
			files = (
				5394798D1FCB909600D6FA19 /* CircleCIClient.swift in Sources */,
				539479871FCB8EA500D6FA19 /* CircleCIBuild.swift in Sources */,
				F4D5A44B21E427BB006140DE /* Filter.swift in Sources */,
				539479861FCB8E8F00D6FA19 /* CircleCIModel.swift in Sources */,
				F412CA9A21D3E3C90069C7C7 /* HTTPRequest.swift in Sources */,
				F4D5A44421E4208A006140DE /* NSImage.swift in Sources */,
				F4D5A44221E42076006140DE /* SeaEyeBuildsController.swift in Sources */,
				F4D5A43F21E4201F006140DE /* SeaEyeIconController.swift in Sources */,
				F4F1A61E20D84DBE008B8C04 /* GithubClient.swift in Sources */,
				F4D5A44821E420C5006140DE /* Notifications.swift in Sources */,
				5389EF4A1FCBBA49001C0D5F /* DecodingTests.swift in Sources */,
				F422C54B20D48CF2002A5897 /* VersionNumberTests.swift in Sources */,
				F4D5A44621E420A4006140DE /* BuildDecorator.swift in Sources */,
				F412CA9B21D3E3D50069C7C7 /* SeaEyeDecoder.swift in Sources */,
				F4D5A43621E3F782006140DE /* FallbackView.swift in Sources */,
				F412CAA021D3EFEF0069C7C7 /* DateFormatter.swift in Sources */,
				F4D5A44321E4207C006140DE /* SeaEyeUpdatesController.swift in Sources */,
				F4D5A44021E42057006140DE /* SeaEyePopoverController.swift in Sources */,
				F4D5A43321E3F6B3006140DE /* Settings.swift in Sources */,
				F422C54920D48CDD002A5897 /* VersionNumber.swift in Sources */,
				F4D5A44521E42099006140DE /* BuildView.swift in Sources */,
				F4D5A44E21E42A77006140DE /* FilterTest.swift in Sources */,
				5394798A1FCB908E00D6FA19 /* SeaEyeStatus.swift in Sources */,
				F4D5A44721E420B5006140DE /* ApplicationStartupManager.swift in Sources */,
				F4D5A43921E3FE32006140DE /* BuildSummary.swift in Sources */,
				F4D5A44121E4206D006140DE /* SeaEyeSettingsController.swift in Sources */,
				539479891FCB908E00D6FA19 /* Project.swift in Sources */,
				F4D5A43E21E41FEB006140DE /* SeaEyeStatusBar.swift in Sources */,
			);
			runOnlyForDeploymentPostprocessing = 0;
		};
/* End PBXSourcesBuildPhase section */

/* Begin PBXTargetDependency section */
		60C73BED19FC025A0067CDCA /* PBXTargetDependency */ = {
			isa = PBXTargetDependency;
			target = 60C73BD819FC025A0067CDCA /* SeaEye */;
			targetProxy = 60C73BEC19FC025A0067CDCA /* PBXContainerItemProxy */;
		};
/* End PBXTargetDependency section */

/* Begin XCBuildConfiguration section */
		60C73BF319FC025A0067CDCA /* Debug */ = {
			isa = XCBuildConfiguration;
			buildSettings = {
				ALWAYS_SEARCH_USER_PATHS = NO;
				CLANG_CXX_LANGUAGE_STANDARD = "gnu++0x";
				CLANG_CXX_LIBRARY = "libc++";
				CLANG_ENABLE_MODULES = YES;
				CLANG_ENABLE_OBJC_ARC = YES;
				CLANG_WARN_BLOCK_CAPTURE_AUTORELEASING = YES;
				CLANG_WARN_BOOL_CONVERSION = YES;
				CLANG_WARN_COMMA = YES;
				CLANG_WARN_CONSTANT_CONVERSION = YES;
				CLANG_WARN_DEPRECATED_OBJC_IMPLEMENTATIONS = YES;
				CLANG_WARN_DIRECT_OBJC_ISA_USAGE = YES_ERROR;
				CLANG_WARN_EMPTY_BODY = YES;
				CLANG_WARN_ENUM_CONVERSION = YES;
				CLANG_WARN_INFINITE_RECURSION = YES;
				CLANG_WARN_INT_CONVERSION = YES;
				CLANG_WARN_NON_LITERAL_NULL_CONVERSION = YES;
				CLANG_WARN_OBJC_IMPLICIT_RETAIN_SELF = YES;
				CLANG_WARN_OBJC_LITERAL_CONVERSION = YES;
				CLANG_WARN_OBJC_ROOT_CLASS = YES_ERROR;
				CLANG_WARN_RANGE_LOOP_ANALYSIS = YES;
				CLANG_WARN_STRICT_PROTOTYPES = YES;
				CLANG_WARN_SUSPICIOUS_MOVE = YES;
				CLANG_WARN_UNREACHABLE_CODE = YES;
				CLANG_WARN__DUPLICATE_METHOD_MATCH = YES;
				CODE_SIGN_IDENTITY = "";
				COPY_PHASE_STRIP = NO;
				ENABLE_STRICT_OBJC_MSGSEND = YES;
				ENABLE_TESTABILITY = YES;
				GCC_C_LANGUAGE_STANDARD = "compiler-default";
				GCC_DYNAMIC_NO_PIC = NO;
				GCC_NO_COMMON_BLOCKS = YES;
				GCC_OPTIMIZATION_LEVEL = 0;
				GCC_PREPROCESSOR_DEFINITIONS = (
					"DEBUG=1",
					"$(inherited)",
				);
				GCC_SYMBOLS_PRIVATE_EXTERN = NO;
				GCC_WARN_64_TO_32_BIT_CONVERSION = YES;
				GCC_WARN_ABOUT_RETURN_TYPE = YES_ERROR;
				GCC_WARN_UNDECLARED_SELECTOR = YES;
				GCC_WARN_UNINITIALIZED_AUTOS = YES_AGGRESSIVE;
				GCC_WARN_UNUSED_FUNCTION = YES;
				GCC_WARN_UNUSED_VARIABLE = YES;
				MACOSX_DEPLOYMENT_TARGET = 10.12;
				MTL_ENABLE_DEBUG_INFO = YES;
				ONLY_ACTIVE_ARCH = YES;
				SDKROOT = macosx;
				SWIFT_OPTIMIZATION_LEVEL = "-Onone";
				SWIFT_VERSION = 4.2;
			};
			name = Debug;
		};
		60C73BF419FC025A0067CDCA /* Release */ = {
			isa = XCBuildConfiguration;
			buildSettings = {
				ALWAYS_SEARCH_USER_PATHS = NO;
				CLANG_CXX_LANGUAGE_STANDARD = "gnu++0x";
				CLANG_CXX_LIBRARY = "libc++";
				CLANG_ENABLE_MODULES = YES;
				CLANG_ENABLE_OBJC_ARC = YES;
				CLANG_WARN_BLOCK_CAPTURE_AUTORELEASING = YES;
				CLANG_WARN_BOOL_CONVERSION = YES;
				CLANG_WARN_COMMA = YES;
				CLANG_WARN_CONSTANT_CONVERSION = YES;
				CLANG_WARN_DEPRECATED_OBJC_IMPLEMENTATIONS = YES;
				CLANG_WARN_DIRECT_OBJC_ISA_USAGE = YES_ERROR;
				CLANG_WARN_EMPTY_BODY = YES;
				CLANG_WARN_ENUM_CONVERSION = YES;
				CLANG_WARN_INFINITE_RECURSION = YES;
				CLANG_WARN_INT_CONVERSION = YES;
				CLANG_WARN_NON_LITERAL_NULL_CONVERSION = YES;
				CLANG_WARN_OBJC_IMPLICIT_RETAIN_SELF = YES;
				CLANG_WARN_OBJC_LITERAL_CONVERSION = YES;
				CLANG_WARN_OBJC_ROOT_CLASS = YES_ERROR;
				CLANG_WARN_RANGE_LOOP_ANALYSIS = YES;
				CLANG_WARN_STRICT_PROTOTYPES = YES;
				CLANG_WARN_SUSPICIOUS_MOVE = YES;
				CLANG_WARN_UNREACHABLE_CODE = YES;
				CLANG_WARN__DUPLICATE_METHOD_MATCH = YES;
				CODE_SIGN_IDENTITY = "";
				COPY_PHASE_STRIP = YES;
				DEBUG_INFORMATION_FORMAT = "dwarf-with-dsym";
				ENABLE_NS_ASSERTIONS = NO;
				ENABLE_STRICT_OBJC_MSGSEND = YES;
				GCC_C_LANGUAGE_STANDARD = "compiler-default";
				GCC_NO_COMMON_BLOCKS = YES;
				GCC_WARN_64_TO_32_BIT_CONVERSION = YES;
				GCC_WARN_ABOUT_RETURN_TYPE = YES_ERROR;
				GCC_WARN_UNDECLARED_SELECTOR = YES;
				GCC_WARN_UNINITIALIZED_AUTOS = YES_AGGRESSIVE;
				GCC_WARN_UNUSED_FUNCTION = YES;
				GCC_WARN_UNUSED_VARIABLE = YES;
				MACOSX_DEPLOYMENT_TARGET = 10.12;
				MTL_ENABLE_DEBUG_INFO = NO;
				SDKROOT = macosx;
				SWIFT_OPTIMIZATION_LEVEL = "-Owholemodule";
				SWIFT_VERSION = 4.2;
			};
			name = Release;
		};
		60C73BF619FC025A0067CDCA /* Debug */ = {
			isa = XCBuildConfiguration;
			buildSettings = {
				ASSETCATALOG_COMPILER_APPICON_NAME = AppIcon;
				CODE_SIGN_IDENTITY = "";
				COMBINE_HIDPI_IMAGES = YES;
				INFOPLIST_FILE = SeaEye/Info.plist;
				LD_RUNPATH_SEARCH_PATHS = "$(inherited) @executable_path/../Frameworks";
				MACOSX_DEPLOYMENT_TARGET = 10.10;
				PRODUCT_BUNDLE_IDENTIFIER = "io.nolan.eoin.$(PRODUCT_NAME:rfc1034identifier)";
				PRODUCT_NAME = "$(TARGET_NAME)";
				SDKROOT = macosx;
				SWIFT_VERSION = 4.2;
			};
			name = Debug;
		};
		60C73BF719FC025A0067CDCA /* Release */ = {
			isa = XCBuildConfiguration;
			buildSettings = {
				ASSETCATALOG_COMPILER_APPICON_NAME = AppIcon;
				CODE_SIGN_IDENTITY = "";
				COMBINE_HIDPI_IMAGES = YES;
				INFOPLIST_FILE = SeaEye/Info.plist;
				LD_RUNPATH_SEARCH_PATHS = "$(inherited) @executable_path/../Frameworks";
				MACOSX_DEPLOYMENT_TARGET = 10.10;
				PRODUCT_BUNDLE_IDENTIFIER = "io.nolan.eoin.$(PRODUCT_NAME:rfc1034identifier)";
				PRODUCT_NAME = "$(TARGET_NAME)";
				SDKROOT = macosx;
				SWIFT_VERSION = 4.2;
			};
			name = Release;
		};
		60C73BF919FC025A0067CDCA /* Debug */ = {
			isa = XCBuildConfiguration;
			buildSettings = {
				BUNDLE_LOADER = "$(TEST_HOST)";
				CODE_SIGN_IDENTITY = "";
				COMBINE_HIDPI_IMAGES = YES;
				FRAMEWORK_SEARCH_PATHS = (
					"$(DEVELOPER_FRAMEWORKS_DIR)",
					"$(inherited)",
				);
				GCC_PREPROCESSOR_DEFINITIONS = (
					"DEBUG=1",
					"$(inherited)",
				);
				INFOPLIST_FILE = SeaEyeTests/Info.plist;
				LD_RUNPATH_SEARCH_PATHS = "$(inherited) @executable_path/../Frameworks @loader_path/../Frameworks";
				PRODUCT_BUNDLE_IDENTIFIER = "io.nolan.$(PRODUCT_NAME:rfc1034identifier)";
				PRODUCT_NAME = "$(TARGET_NAME)";
				SWIFT_SWIFT3_OBJC_INFERENCE = Default;
				SWIFT_VERSION = 4.2;
			};
			name = Debug;
		};
		60C73BFA19FC025A0067CDCA /* Release */ = {
			isa = XCBuildConfiguration;
			buildSettings = {
				BUNDLE_LOADER = "$(TEST_HOST)";
				CODE_SIGN_IDENTITY = "";
				COMBINE_HIDPI_IMAGES = YES;
				FRAMEWORK_SEARCH_PATHS = (
					"$(DEVELOPER_FRAMEWORKS_DIR)",
					"$(inherited)",
				);
				INFOPLIST_FILE = SeaEyeTests/Info.plist;
				LD_RUNPATH_SEARCH_PATHS = "$(inherited) @executable_path/../Frameworks @loader_path/../Frameworks";
				PRODUCT_BUNDLE_IDENTIFIER = "io.nolan.$(PRODUCT_NAME:rfc1034identifier)";
				PRODUCT_NAME = "$(TARGET_NAME)";
				SWIFT_SWIFT3_OBJC_INFERENCE = Default;
				SWIFT_VERSION = 4.2;
			};
			name = Release;
		};
/* End XCBuildConfiguration section */

/* Begin XCConfigurationList section */
		60C73BD419FC025A0067CDCA /* Build configuration list for PBXProject "SeaEye" */ = {
			isa = XCConfigurationList;
			buildConfigurations = (
				60C73BF319FC025A0067CDCA /* Debug */,
				60C73BF419FC025A0067CDCA /* Release */,
			);
			defaultConfigurationIsVisible = 0;
			defaultConfigurationName = Release;
		};
		60C73BF519FC025A0067CDCA /* Build configuration list for PBXNativeTarget "SeaEye" */ = {
			isa = XCConfigurationList;
			buildConfigurations = (
				60C73BF619FC025A0067CDCA /* Debug */,
				60C73BF719FC025A0067CDCA /* Release */,
			);
			defaultConfigurationIsVisible = 0;
			defaultConfigurationName = Release;
		};
		60C73BF819FC025A0067CDCA /* Build configuration list for PBXNativeTarget "SeaEyeTests" */ = {
			isa = XCConfigurationList;
			buildConfigurations = (
				60C73BF919FC025A0067CDCA /* Debug */,
				60C73BFA19FC025A0067CDCA /* Release */,
			);
			defaultConfigurationIsVisible = 0;
			defaultConfigurationName = Release;
		};
/* End XCConfigurationList section */
	};
	rootObject = 60C73BD119FC025A0067CDCA /* Project object */;
}
